
Microsoft Visual Studio Solution File, Format Version 12.00
# Visual Studio Version 16
VisualStudioVersion = 16.0.29326.143
MinimumVisualStudioVersion = 10.0.40219.1
Project("{FAE04EC0-301F-11D3-BF4B-00C04F79EFBC}") = "projetCsharp", "projetCsharp.csproj", "{62768FA3-A7B1-4C60-9B2E-9DB81EFE8387}"
EndProject
Global
	GlobalSection(SolutionConfigurationPlatforms) = preSolution
		Debug|Any CPU = Debug|Any CPU
		Release|Any CPU = Release|Any CPU
	EndGlobalSection
	GlobalSection(ProjectConfigurationPlatforms) = postSolution
		{62768FA3-A7B1-4C60-9B2E-9DB81EFE8387}.Debug|Any CPU.ActiveCfg = Debug|Any CPU
		{62768FA3-A7B1-4C60-9B2E-9DB81EFE8387}.Debug|Any CPU.Build.0 = Debug|Any CPU
		{62768FA3-A7B1-4C60-9B2E-9DB81EFE8387}.Release|Any CPU.ActiveCfg = Release|Any CPU
		{62768FA3-A7B1-4C60-9B2E-9DB81EFE8387}.Release|Any CPU.Build.0 = Release|Any CPU
	EndGlobalSection
	GlobalSection(SolutionProperties) = preSolution
		HideSolutionNode = FALSE
	EndGlobalSection
	GlobalSection(ExtensibilityGlobals) = postSolution
		SolutionGuid = {EC97B5E0-95B4-4B91-9AFB-8A36C66B52FD}
	EndGlobalSection
EndGlobal
